{
  "name": "lambda-gh-action",
  "version": "1.0.0",
  "lockfileVersion": 1,
  "requires": true,
  "dependencies": {
    "@types/aws-lambda": {
      "version": "8.10.108",
      "resolved": "https://registry.npmjs.org/@types/aws-lambda/-/aws-lambda-8.10.108.tgz",
      "integrity": "sha512-1yh1W1WoqK3lGHy+V/Fi55zobxrDHUUsluCWdMlOXkCvtsCmHPXOG+CQ2STIL4B1g6xi6I6XzxaF8V9+zeIFLA==",
      "dev": true
    },
    "@types/lodash": {
      "version": "4.14.186",
      "resolved": "https://registry.npmjs.org/@types/lodash/-/lodash-4.14.186.tgz",
      "integrity": "sha512-eHcVlLXP0c2FlMPm56ITode2AgLMSa6aJ05JTTbYbI+7EMkCEE5qk2E41d5g2lCVTqRe0GnnRFurmlCsDODrPw==",
      "dev": true
    },
    "@types/node": {
      "version": "18.11.4",
      "resolved": "https://registry.npmjs.org/@types/node/-/node-18.11.4.tgz",
      "integrity": "sha512-BxcJpBu8D3kv/GZkx/gSMz6VnTJREBj/4lbzYOQueUOELkt8WrO6zAcSPmp9uRPEW/d+lUO8QK0W2xnS1hEU0A==",
      "dev": true
    },
    "@vercel/ncc": {
      "version": "0.34.0",
      "resolved": "https://registry.npmjs.org/@vercel/ncc/-/ncc-0.34.0.tgz",
      "integrity": "sha512-G9h5ZLBJ/V57Ou9vz5hI8pda/YQX5HQszCs3AmIus3XzsmRn/0Ptic5otD3xVST8QLKk7AMk7AqpsyQGN7MZ9A==",
      "dev": true
    },
    "bootstrap": {
      "version": "4.0.0-alpha.6",
      "resolved": "https://registry.npmjs.org/bootstrap/-/bootstrap-4.0.0-alpha.6.tgz",
      "integrity": "sha512-WK8cg+bejSa7rsVi+nHp5RRF2XrI+o2atUxUYhMfaVDlmVjgwfQ77Na88kGZTRVO7gcmIIM4ZVeeYjEdFE1IGQ==",
      "requires": {
        "jquery": ">=1.9.1",
        "tether": "^1.4.0"
      }
    },
    "jquery": {
      "version": "3.6.1",
      "resolved": "https://registry.npmjs.org/jquery/-/jquery-3.6.1.tgz",
      "integrity": "sha512-opJeO4nCucVnsjiXOE+/PcCgYw9Gwpvs/a6B1LL/lQhwWwpbVEVYDZ1FokFr8PRc7ghYlrFPuyHuiiDNTQxmcw=="
    },
    "lodash": {
      "version": "4.17.21",
      "resolved": "https://registry.npmjs.org/lodash/-/lodash-4.17.21.tgz",
      "integrity": "sha512-v2kDEe57lecTulaDIuNTPy3Ry4gLGJ6Z1O3vE1krgXZNrsQ+LFTGHVxVjcXPs17LhbZVGedAJv8XZ1tvj5FvSg=="
    },
    "tether": {
      "version": "1.4.7",
      "resolved": "https://registry.npmjs.org/tether/-/tether-1.4.7.tgz",
      "integrity": "sha512-Z0J1aExjoFU8pybVkQAo/vD2wfSO63r+XOPfWQMC5qtf1bI7IWqNk4MiyBcgvvnY8kqnY06dVdvwTK2S3PU/Fw=="
    },
    "typescript": {
      "version": "4.8.4",
      "resolved": "https://registry.npmjs.org/typescript/-/typescript-4.8.4.tgz",
      "integrity": "sha512-QCh+85mCy+h0IGff8r5XWzOVSbBO+KfeYrMQh7NJ58QujwcE22u+NUSmUxqF+un70P9GXKxa2HCNiTTMJknyjQ=="
    }
  }
}
